
Microsoft Visual Studio Solution File, Format Version 12.00
# Visual Studio Version 17
VisualStudioVersion = 17.2.32616.157
MinimumVisualStudioVersion = 10.0.40219.1
Project("{FAE04EC0-301F-11D3-BF4B-00C04F79EFBC}") = "DeliveryUnitManager", "DeliveryUnitManager\DeliveryUnitManager.csproj", "{1F9D62B5-C579-4B4D-8665-5FB57A49EA1B}"
EndProject
Project("{FAE04EC0-301F-11D3-BF4B-00C04F79EFBC}") = "DeliveryUnitManager.Reponsitory", "DeliveryUnitManager.Reponsitory\DeliveryUnitManager.Reponsitory.csproj", "{0AE8CA62-70C7-4DE6-8F01-D51EBCF437DD}"
EndProject
Global
	GlobalSection(SolutionConfigurationPlatforms) = preSolution
		Debug|Any CPU = Debug|Any CPU
		Release|Any CPU = Release|Any CPU
	EndGlobalSection
	GlobalSection(ProjectConfigurationPlatforms) = postSolution
		{1F9D62B5-C579-4B4D-8665-5FB57A49EA1B}.Debug|Any CPU.ActiveCfg = Debug|Any CPU
		{1F9D62B5-C579-4B4D-8665-5FB57A49EA1B}.Debug|Any CPU.Build.0 = Debug|Any CPU
		{1F9D62B5-C579-4B4D-8665-5FB57A49EA1B}.Release|Any CPU.ActiveCfg = Release|Any CPU
		{1F9D62B5-C579-4B4D-8665-5FB57A49EA1B}.Release|Any CPU.Build.0 = Release|Any CPU
		{0AE8CA62-70C7-4DE6-8F01-D51EBCF437DD}.Debug|Any CPU.ActiveCfg = Debug|Any CPU
		{0AE8CA62-70C7-4DE6-8F01-D51EBCF437DD}.Debug|Any CPU.Build.0 = Debug|Any CPU
		{0AE8CA62-70C7-4DE6-8F01-D51EBCF437DD}.Release|Any CPU.ActiveCfg = Release|Any CPU
		{0AE8CA62-70C7-4DE6-8F01-D51EBCF437DD}.Release|Any CPU.Build.0 = Release|Any CPU
	EndGlobalSection
	GlobalSection(SolutionProperties) = preSolution
		HideSolutionNode = FALSE
	EndGlobalSection
	GlobalSection(ExtensibilityGlobals) = postSolution
		SolutionGuid = {76869F1B-BEB0-42C1-92DC-D7AE78065A61}
	EndGlobalSection
EndGlobal
